{
  "version": "5",
  "specifiers": {
    "npm:@auth/core@0.41.3": "0.41.3",
    "npm:croner@10.0.1": "10.0.1"
  },
  "npm": {
    "@auth/core@0.41.3": {
      "integrity": "sha512-sJ3JMHHkXMD3aOjopv7mOBTO1Ocw4b0fAEXJBz6k7YHLpYQI6C40jCUPc5fNvUKxXRXNE1/sRISA15UrwWJBTw==",
      "dependencies": [
        "@panva/hkdf",
        "jose",
        "oauth4webapi",
        "preact",
        "preact-render-to-string"
      ]
    },
    "@panva/hkdf@1.2.1": {
      "integrity": "sha512-6oclG6Y3PiDFcoyk8srjLfVKyMfVCKJ27JwNPViuXziFpmdz+MZnZN/aKY0JGXgYuO/VghU0jcOAZgWXZ1Dmrw=="
    },
    "croner@10.0.1": {
      "integrity": "sha512-ixNtAJndqh173VQ4KodSdJEI6nuioBWI0V1ITNKhZZsO0pEMoDxz539T4FTTbSZ/xIOSuDnzxLVRqBVSvPNE2g=="
    },
    "jose@6.2.12": {
      "integrity": "sha512-9NiFmJEex0sy2Dk58j2UGBSHgUs2ypF9eZSu4L6vjOX3Dp96Sw1F3uL+H+D1sx02jZZdzUT0HgvCy59CuvXcWw=="
    },
    "oauth4webapi@3.8.8": {
      "integrity": "sha512-8N28E+a/oxfXWBgOMt+ZP/JUf/XR+IFbvkAEPP3gznXOMv9BpAAwiIj0TFNz3tGTPc0ZQ8zmWBNgN1nAys0gng=="
    },
    "preact-render-to-string@6.5.11_preact@10.24.3": {
      "integrity": "sha512-ubnauqoGczeGISiOh6RjX0/cdaF8v/oDXIjO85XALCQjwQP+SB4RDXXtvZ6yTYSjG+PC1QRP2AhPgCEsM2EvUw==",
      "dependencies": [
        "preact"
      ]
    },
    "preact@10.24.3": {
      "integrity": "sha512-Z2dPnBnMUfyQfSQ+GBdsGa16hz35YmLmtTLhM169uW944hYL6xzTYkJjC07j+Wosz733pMWx0fgON3JNw1jJQA=="
    }
  },
  "workspace": {
    "dependencies": [
      "npm:@auth/core@0.41.3",
      "npm:croner@10.0.1"
    ]
  }
}
